// !$*UTF8*$!
{
	archiveVersion = 1;
	classes = {
	};
	objectVersion = 55;
	objects = {

/* Begin PBXBuildFile section */
		FF00DBD0280DE58A0086681F /* StudyingApp.swift in Sources */ = {isa = PBXBuildFile; fileRef = FF00DBCF280DE58A0086681F /* StudyingApp.swift */; };
		FF00DBD2280DE58A0086681F /* ContentView.swift in Sources */ = {isa = PBXBuildFile; fileRef = FF00DBD1280DE58A0086681F /* ContentView.swift */; };
		FF00DBD4280DE58A0086681F /* Assets.xcassets in Resources */ = {isa = PBXBuildFile; fileRef = FF00DBD3280DE58A0086681F /* Assets.xcassets */; };
		FF00DBD7280DE58A0086681F /* Preview Assets.xcassets in Resources */ = {isa = PBXBuildFile; fileRef = FF00DBD6280DE58A0086681F /* Preview Assets.xcassets */; };
		FF00DBE2280DE58B0086681F /* StudyingTests.swift in Sources */ = {isa = PBXBuildFile; fileRef = FF00DBE1280DE58B0086681F /* StudyingTests.swift */; };
		FF00DBEC280DE58B0086681F /* StudyingUITests.swift in Sources */ = {isa = PBXBuildFile; fileRef = FF00DBEB280DE58B0086681F /* StudyingUITests.swift */; };
		FF00DBEE280DE58B0086681F /* StudyingUITestsLaunchTests.swift in Sources */ = {isa = PBXBuildFile; fileRef = FF00DBED280DE58B0086681F /* StudyingUITestsLaunchTests.swift */; };
/* End PBXBuildFile section */

/* Begin PBXContainerItemProxy section */
		FF00DBDE280DE58B0086681F /* PBXContainerItemProxy */ = {
			isa = PBXContainerItemProxy;
			containerPortal = FF00DBC4280DE58A0086681F /* Project object */;
			proxyType = 1;
			remoteGlobalIDString = FF00DBCB280DE58A0086681F;
			remoteInfo = Studying;
		};
		FF00DBE8280DE58B0086681F /* PBXContainerItemProxy */ = {
			isa = PBXContainerItemProxy;
			containerPortal = FF00DBC4280DE58A0086681F /* Project object */;
			proxyType = 1;
			remoteGlobalIDString = FF00DBCB280DE58A0086681F;
			remoteInfo = Studying;
		};
/* End PBXContainerItemProxy section */

/* Begin PBXFileReference section */
		FF00DBCC280DE58A0086681F /* Studying.app */ = {isa = PBXFileReference; explicitFileType = wrapper.application; includeInIndex = 0; path = Studying.app; sourceTree = BUILT_PRODUCTS_DIR; };
		FF00DBCF280DE58A0086681F /* StudyingApp.swift */ = {isa = PBXFileReference; lastKnownFileType = sourcecode.swift; path = StudyingApp.swift; sourceTree = "<group>"; };
		FF00DBD1280DE58A0086681F /* ContentView.swift */ = {isa = PBXFileReference; lastKnownFileType = sourcecode.swift; path = ContentView.swift; sourceTree = "<group>"; };
		FF00DBD3280DE58A0086681F /* Assets.xcassets */ = {isa = PBXFileReference; lastKnownFileType = folder.assetcatalog; path = Assets.xcassets; sourceTree = "<group>"; };
		FF00DBD6280DE58A0086681F /* Preview Assets.xcassets */ = {isa = PBXFileReference; lastKnownFileType = folder.assetcatalog; path = "Preview Assets.xcassets"; sourceTree = "<group>"; };
		FF00DBD8280DE58A0086681F /* Studying.entitlements */ = {isa = PBXFileReference; lastKnownFileType = text.plist.entitlements; path = Studying.entitlements; sourceTree = "<group>"; };
		FF00DBDD280DE58B0086681F /* StudyingTests.xctest */ = {isa = PBXFileReference; explicitFileType = wrapper.cfbundle; includeInIndex = 0; path = StudyingTests.xctest; sourceTree = BUILT_PRODUCTS_DIR; };
		FF00DBE1280DE58B0086681F /* StudyingTests.swift */ = {isa = PBXFileReference; lastKnownFileType = sourcecode.swift; path = StudyingTests.swift; sourceTree = "<group>"; };
		FF00DBE7280DE58B0086681F /* StudyingUITests.xctest */ = {isa = PBXFileReference; explicitFileType = wrapper.cfbundle; includeInIndex = 0; path = StudyingUITests.xctest; sourceTree = BUILT_PRODUCTS_DIR; };
		FF00DBEB280DE58B0086681F /* StudyingUITests.swift */ = {isa = PBXFileReference; lastKnownFileType = sourcecode.swift; path = StudyingUITests.swift; sourceTree = "<group>"; };
		FF00DBED280DE58B0086681F /* StudyingUITestsLaunchTests.swift */ = {isa = PBXFileReference; lastKnownFileType = sourcecode.swift; path = StudyingUITestsLaunchTests.swift; sourceTree = "<group>"; };
/* End PBXFileReference section */

/* Begin PBXFrameworksBuildPhase section */
		FF00DBC9280DE58A0086681F /* Frameworks */ = {
			isa = PBXFrameworksBuildPhase;
			buildActionMask = 2147483647;
			files = (
			);
			runOnlyForDeploymentPostprocessing = 0;
		};
		FF00DBDA280DE58B0086681F /* Frameworks */ = {
			isa = PBXFrameworksBuildPhase;
			buildActionMask = 2147483647;
			files = (
			);
			runOnlyForDeploymentPostprocessing = 0;
		};
		FF00DBE4280DE58B0086681F /* Frameworks */ = {
			isa = PBXFrameworksBuildPhase;
			buildActionMask = 2147483647;
			files = (
			);
			runOnlyForDeploymentPostprocessing = 0;
		};
/* End PBXFrameworksBuildPhase section */

/* Begin PBXGroup section */
		FF00DBC3280DE58A0086681F = {
			isa = PBXGroup;
			children = (
				FF00DBCE280DE58A0086681F /* Studying */,
				FF00DBE0280DE58B0086681F /* StudyingTests */,
				FF00DBEA280DE58B0086681F /* StudyingUITests */,
				FF00DBCD280DE58A0086681F /* Products */,
			);
			sourceTree = "<group>";
		};
		FF00DBCD280DE58A0086681F /* Products */ = {
			isa = PBXGroup;
			children = (
				FF00DBCC280DE58A0086681F /* Studying.app */,
				FF00DBDD280DE58B0086681F /* StudyingTests.xctest */,
				FF00DBE7280DE58B0086681F /* StudyingUITests.xctest */,
			);
			name = Products;
			sourceTree = "<group>";
		};
		FF00DBCE280DE58A0086681F /* Studying */ = {
			isa = PBXGroup;
			children = (
				FF00DBCF280DE58A0086681F /* StudyingApp.swift */,
				FF00DBD1280DE58A0086681F /* ContentView.swift */,
				FF00DBD3280DE58A0086681F /* Assets.xcassets */,
				FF00DBD8280DE58A0086681F /* Studying.entitlements */,
				FF00DBD5280DE58A0086681F /* Preview Content */,
			);
			path = Studying;
			sourceTree = "<group>";
		};
		FF00DBD5280DE58A0086681F /* Preview Content */ = {
			isa = PBXGroup;
			children = (
				FF00DBD6280DE58A0086681F /* Preview Assets.xcassets */,
			);
			path = "Preview Content";
			sourceTree = "<group>";
		};
		FF00DBE0280DE58B0086681F /* StudyingTests */ = {
			isa = PBXGroup;
			children = (
				FF00DBE1280DE58B0086681F /* StudyingTests.swift */,
			);
			path = StudyingTests;
			sourceTree = "<group>";
		};
		FF00DBEA280DE58B0086681F /* StudyingUITests */ = {
			isa = PBXGroup;
			children = (
				FF00DBEB280DE58B0086681F /* StudyingUITests.swift */,
				FF00DBED280DE58B0086681F /* StudyingUITestsLaunchTests.swift */,
			);
			path = StudyingUITests;
			sourceTree = "<group>";
		};
/* End PBXGroup section */

/* Begin PBXNativeTarget section */
		FF00DBCB280DE58A0086681F /* Studying */ = {
			isa = PBXNativeTarget;
			buildConfigurationList = FF00DBF1280DE58B0086681F /* Build configuration list for PBXNativeTarget "Studying" */;
			buildPhases = (
				FF00DBC8280DE58A0086681F /* Sources */,
				FF00DBC9280DE58A0086681F /* Frameworks */,
				FF00DBCA280DE58A0086681F /* Resources */,
			);
			buildRules = (
			);
			dependencies = (
			);
			name = Studying;
			productName = Studying;
			productReference = FF00DBCC280DE58A0086681F /* Studying.app */;
			productType = "com.apple.product-type.application";
		};
		FF00DBDC280DE58B0086681F /* StudyingTests */ = {
			isa = PBXNativeTarget;
			buildConfigurationList = FF00DBF4280DE58B0086681F /* Build configuration list for PBXNativeTarget "StudyingTests" */;
			buildPhases = (
				FF00DBD9280DE58B0086681F /* Sources */,
				FF00DBDA280DE58B0086681F /* Frameworks */,
				FF00DBDB280DE58B0086681F /* Resources */,
			);
			buildRules = (
			);
			dependencies = (
				FF00DBDF280DE58B0086681F /* PBXTargetDependency */,
			);
			name = StudyingTests;
			productName = StudyingTests;
			productReference = FF00DBDD280DE58B0086681F /* StudyingTests.xctest */;
			productType = "com.apple.product-type.bundle.unit-test";
		};
		FF00DBE6280DE58B0086681F /* StudyingUITests */ = {
			isa = PBXNativeTarget;
			buildConfigurationList = FF00DBF7280DE58B0086681F /* Build configuration list for PBXNativeTarget "StudyingUITests" */;
			buildPhases = (
				FF00DBE3280DE58B0086681F /* Sources */,
				FF00DBE4280DE58B0086681F /* Frameworks */,
				FF00DBE5280DE58B0086681F /* Resources */,
			);
			buildRules = (
			);
			dependencies = (
				FF00DBE9280DE58B0086681F /* PBXTargetDependency */,
			);
			name = StudyingUITests;
			productName = StudyingUITests;
			productReference = FF00DBE7280DE58B0086681F /* StudyingUITests.xctest */;
			productType = "com.apple.product-type.bundle.ui-testing";
		};
/* End PBXNativeTarget section */

/* Begin PBXProject section */
		FF00DBC4280DE58A0086681F /* Project object */ = {
			isa = PBXProject;
			attributes = {
				BuildIndependentTargetsInParallel = 1;
				LastSwiftUpdateCheck = 1330;
				LastUpgradeCheck = 1330;
				TargetAttributes = {
					FF00DBCB280DE58A0086681F = {
						CreatedOnToolsVersion = 13.3.1;
					};
					FF00DBDC280DE58B0086681F = {
						CreatedOnToolsVersion = 13.3.1;
						TestTargetID = FF00DBCB280DE58A0086681F;
					};
					FF00DBE6280DE58B0086681F = {
						CreatedOnToolsVersion = 13.3.1;
						TestTargetID = FF00DBCB280DE58A0086681F;
					};
				};
			};
			buildConfigurationList = FF00DBC7280DE58A0086681F /* Build configuration list for PBXProject "Studying" */;
			compatibilityVersion = "Xcode 13.0";
			developmentRegion = en;
			hasScannedForEncodings = 0;
			knownRegions = (
				en,
				Base,
			);
			mainGroup = FF00DBC3280DE58A0086681F;
			productRefGroup = FF00DBCD280DE58A0086681F /* Products */;
			projectDirPath = "";
			projectRoot = "";
			targets = (
				FF00DBCB280DE58A0086681F /* Studying */,
				FF00DBDC280DE58B0086681F /* StudyingTests */,
				FF00DBE6280DE58B0086681F /* StudyingUITests */,
			);
		};
/* End PBXProject section */

/* Begin PBXResourcesBuildPhase section */
		FF00DBCA280DE58A0086681F /* Resources */ = {
			isa = PBXResourcesBuildPhase;
			buildActionMask = 2147483647;
			files = (
				FF00DBD7280DE58A0086681F /* Preview Assets.xcassets in Resources */,
				FF00DBD4280DE58A0086681F /* Assets.xcassets in Resources */,
			);
			runOnlyForDeploymentPostprocessing = 0;
		};
		FF00DBDB280DE58B0086681F /* Resources */ = {
			isa = PBXResourcesBuildPhase;
			buildActionMask = 2147483647;
			files = (
			);
			runOnlyForDeploymentPostprocessing = 0;
		};
		FF00DBE5280DE58B0086681F /* Resources */ = {
			isa = PBXResourcesBuildPhase;
			buildActionMask = 2147483647;
			files = (
			);
			runOnlyForDeploymentPostprocessing = 0;
		};
/* End PBXResourcesBuildPhase section */

/* Begin PBXSourcesBuildPhase section */
		FF00DBC8280DE58A0086681F /* Sources */ = {
			isa = PBXSourcesBuildPhase;
			buildActionMask = 2147483647;
			files = (
				FF00DBD2280DE58A0086681F /* ContentView.swift in Sources */,
				FF00DBD0280DE58A0086681F /* StudyingApp.swift in Sources */,
			);
			runOnlyForDeploymentPostprocessing = 0;
		};
		FF00DBD9280DE58B0086681F /* Sources */ = {
			isa = PBXSourcesBuildPhase;
			buildActionMask = 2147483647;
			files = (
				FF00DBE2280DE58B0086681F /* StudyingTests.swift in Sources */,
			);
			runOnlyForDeploymentPostprocessing = 0;
		};
		FF00DBE3280DE58B0086681F /* Sources */ = {
			isa = PBXSourcesBuildPhase;
			buildActionMask = 2147483647;
			files = (
				FF00DBEE280DE58B0086681F /* StudyingUITestsLaunchTests.swift in Sources */,
				FF00DBEC280DE58B0086681F /* StudyingUITests.swift in Sources */,
			);
			runOnlyForDeploymentPostprocessing = 0;
		};
/* End PBXSourcesBuildPhase section */

/* Begin PBXTargetDependency section */
		FF00DBDF280DE58B0086681F /* PBXTargetDependency */ = {
			isa = PBXTargetDependency;
			target = FF00DBCB280DE58A0086681F /* Studying */;
			targetProxy = FF00DBDE280DE58B0086681F /* PBXContainerItemProxy */;
		};
		FF00DBE9280DE58B0086681F /* PBXTargetDependency */ = {
			isa = PBXTargetDependency;
			target = FF00DBCB280DE58A0086681F /* Studying */;
			targetProxy = FF00DBE8280DE58B0086681F /* PBXContainerItemProxy */;
		};
/* End PBXTargetDependency section */

/* Begin XCBuildConfiguration section */
		FF00DBEF280DE58B0086681F /* Debug */ = {
			isa = XCBuildConfiguration;
			buildSettings = {
				ALWAYS_SEARCH_USER_PATHS = NO;
				CLANG_ANALYZER_NONNULL = YES;
				CLANG_ANALYZER_NUMBER_OBJECT_CONVERSION = YES_AGGRESSIVE;
				CLANG_CXX_LANGUAGE_STANDARD = "gnu++17";
				CLANG_ENABLE_MODULES = YES;
				CLANG_ENABLE_OBJC_ARC = YES;
				CLANG_ENABLE_OBJC_WEAK = YES;
				CLANG_WARN_BLOCK_CAPTURE_AUTORELEASING = YES;
				CLANG_WARN_BOOL_CONVERSION = YES;
				CLANG_WARN_COMMA = YES;
				CLANG_WARN_CONSTANT_CONVERSION = YES;
				CLANG_WARN_DEPRECATED_OBJC_IMPLEMENTATIONS = YES;
				CLANG_WARN_DIRECT_OBJC_ISA_USAGE = YES_ERROR;
				CLANG_WARN_DOCUMENTATION_COMMENTS = YES;
				CLANG_WARN_EMPTY_BODY = YES;
				CLANG_WARN_ENUM_CONVERSION = YES;
				CLANG_WARN_INFINITE_RECURSION = YES;
				CLANG_WARN_INT_CONVERSION = YES;
				CLANG_WARN_NON_LITERAL_NULL_CONVERSION = YES;
				CLANG_WARN_OBJC_IMPLICIT_RETAIN_SELF = YES;
				CLANG_WARN_OBJC_LITERAL_CONVERSION = YES;
				CLANG_WARN_OBJC_ROOT_CLASS = YES_ERROR;
				CLANG_WARN_QUOTED_INCLUDE_IN_FRAMEWORK_HEADER = YES;
				CLANG_WARN_RANGE_LOOP_ANALYSIS = YES;
				CLANG_WARN_STRICT_PROTOTYPES = YES;
				CLANG_WARN_SUSPICIOUS_MOVE = YES;
				CLANG_WARN_UNGUARDED_AVAILABILITY = YES_AGGRESSIVE;
				CLANG_WARN_UNREACHABLE_CODE = YES;
				CLANG_WARN__DUPLICATE_METHOD_MATCH = YES;
				COPY_PHASE_STRIP = NO;
				DEBUG_INFORMATION_FORMAT = dwarf;
				ENABLE_STRICT_OBJC_MSGSEND = YES;
				ENABLE_TESTABILITY = YES;
				GCC_C_LANGUAGE_STANDARD = gnu11;
				GCC_DYNAMIC_NO_PIC = NO;
				GCC_NO_COMMON_BLOCKS = YES;
				GCC_OPTIMIZATION_LEVEL = 0;
				GCC_PREPROCESSOR_DEFINITIONS = (
					"DEBUG=1",
					"$(inherited)",
				);
				GCC_WARN_64_TO_32_BIT_CONVERSION = YES;
				GCC_WARN_ABOUT_RETURN_TYPE = YES_ERROR;
				GCC_WARN_UNDECLARED_SELECTOR = YES;
				GCC_WARN_UNINITIALIZED_AUTOS = YES_AGGRESSIVE;
				GCC_WARN_UNUSED_FUNCTION = YES;
				GCC_WARN_UNUSED_VARIABLE = YES;
				MACOSX_DEPLOYMENT_TARGET = 12.3;
				MTL_ENABLE_DEBUG_INFO = INCLUDE_SOURCE;
				MTL_FAST_MATH = YES;
				ONLY_ACTIVE_ARCH = YES;
				SDKROOT = macosx;
				SWIFT_ACTIVE_COMPILATION_CONDITIONS = DEBUG;
				SWIFT_OPTIMIZATION_LEVEL = "-Onone";
			};
			name = Debug;
		};
		FF00DBF0280DE58B0086681F /* Release */ = {
			isa = XCBuildConfiguration;
			buildSettings = {
				ALWAYS_SEARCH_USER_PATHS = NO;
				CLANG_ANALYZER_NONNULL = YES;
				CLANG_ANALYZER_NUMBER_OBJECT_CONVERSION = YES_AGGRESSIVE;
				CLANG_CXX_LANGUAGE_STANDARD = "gnu++17";
				CLANG_ENABLE_MODULES = YES;
				CLANG_ENABLE_OBJC_ARC = YES;
				CLANG_ENABLE_OBJC_WEAK = YES;
				CLANG_WARN_BLOCK_CAPTURE_AUTORELEASING = YES;
				CLANG_WARN_BOOL_CONVERSION = YES;
				CLANG_WARN_COMMA = YES;
				CLANG_WARN_CONSTANT_CONVERSION = YES;
				CLANG_WARN_DEPRECATED_OBJC_IMPLEMENTATIONS = YES;
				CLANG_WARN_DIRECT_OBJC_ISA_USAGE = YES_ERROR;
				CLANG_WARN_DOCUMENTATION_COMMENTS = YES;
				CLANG_WARN_EMPTY_BODY = YES;
				CLANG_WARN_ENUM_CONVERSION = YES;
				CLANG_WARN_INFINITE_RECURSION = YES;
				CLANG_WARN_INT_CONVERSION = YES;
				CLANG_WARN_NON_LITERAL_NULL_CONVERSION = YES;
				CLANG_WARN_OBJC_IMPLICIT_RETAIN_SELF = YES;
				CLANG_WARN_OBJC_LITERAL_CONVERSION = YES;
				CLANG_WARN_OBJC_ROOT_CLASS = YES_ERROR;
				CLANG_WARN_QUOTED_INCLUDE_IN_FRAMEWORK_HEADER = YES;
				CLANG_WARN_RANGE_LOOP_ANALYSIS = YES;
				CLANG_WARN_STRICT_PROTOTYPES = YES;
				CLANG_WARN_SUSPICIOUS_MOVE = YES;
				CLANG_WARN_UNGUARDED_AVAILABILITY = YES_AGGRESSIVE;
				CLANG_WARN_UNREACHABLE_CODE = YES;
				CLANG_WARN__DUPLICATE_METHOD_MATCH = YES;
				COPY_PHASE_STRIP = NO;
				DEBUG_INFORMATION_FORMAT = "dwarf-with-dsym";
				ENABLE_NS_ASSERTIONS = NO;
				ENABLE_STRICT_OBJC_MSGSEND = YES;
				GCC_C_LANGUAGE_STANDARD = gnu11;
				GCC_NO_COMMON_BLOCKS = YES;
				GCC_WARN_64_TO_32_BIT_CONVERSION = YES;
				GCC_WARN_ABOUT_RETURN_TYPE = YES_ERROR;
				GCC_WARN_UNDECLARED_SELECTOR = YES;
				GCC_WARN_UNINITIALIZED_AUTOS = YES_AGGRESSIVE;
				GCC_WARN_UNUSED_FUNCTION = YES;
				GCC_WARN_UNUSED_VARIABLE = YES;
				MACOSX_DEPLOYMENT_TARGET = 12.3;
				MTL_ENABLE_DEBUG_INFO = NO;
				MTL_FAST_MATH = YES;
				SDKROOT = macosx;
				SWIFT_COMPILATION_MODE = wholemodule;
				SWIFT_OPTIMIZATION_LEVEL = "-O";
			};
			name = Release;
		};
		FF00DBF2280DE58B0086681F /* Debug */ = {
			isa = XCBuildConfiguration;
			buildSettings = {
				ASSETCATALOG_COMPILER_APPICON_NAME = AppIcon;
				ASSETCATALOG_COMPILER_GLOBAL_ACCENT_COLOR_NAME = AccentColor;
				CODE_SIGN_ENTITLEMENTS = Studying/Studying.entitlements;
				CODE_SIGN_STYLE = Automatic;
				COMBINE_HIDPI_IMAGES = YES;
				CURRENT_PROJECT_VERSION = 1;
				DEVELOPMENT_ASSET_PATHS = "\"Studying/Preview Content\"";
				DEVELOPMENT_TEAM = ZA2Q6PBC3H;
				ENABLE_HARDENED_RUNTIME = YES;
				ENABLE_PREVIEWS = YES;
				GENERATE_INFOPLIST_FILE = YES;
				INFOPLIST_KEY_NSHumanReadableCopyright = "";
				LD_RUNPATH_SEARCH_PATHS = (
					"$(inherited)",
					"@executable_path/../Frameworks",
				);
				MARKETING_VERSION = 1.0;
				PRODUCT_BUNDLE_IDENTIFIER = com.danho.Studying;
				PRODUCT_NAME = "$(TARGET_NAME)";
				SWIFT_EMIT_LOC_STRINGS = YES;
				SWIFT_VERSION = 5.0;
			};
			name = Debug;
		};
		FF00DBF3280DE58B0086681F /* Release */ = {
			isa = XCBuildConfiguration;
			buildSettings = {
				ASSETCATALOG_COMPILER_APPICON_NAME = AppIcon;
				ASSETCATALOG_COMPILER_GLOBAL_ACCENT_COLOR_NAME = AccentColor;
				CODE_SIGN_ENTITLEMENTS = Studying/Studying.entitlements;
				CODE_SIGN_STYLE = Automatic;
				COMBINE_HIDPI_IMAGES = YES;
				CURRENT_PROJECT_VERSION = 1;
				DEVELOPMENT_ASSET_PATHS = "\"Studying/Preview Content\"";
				DEVELOPMENT_TEAM = ZA2Q6PBC3H;
				ENABLE_HARDENED_RUNTIME = YES;
				ENABLE_PREVIEWS = YES;
				GENERATE_INFOPLIST_FILE = YES;
				INFOPLIST_KEY_NSHumanReadableCopyright = "";
				LD_RUNPATH_SEARCH_PATHS = (
					"$(inherited)",
					"@executable_path/../Frameworks",
				);
				MARKETING_VERSION = 1.0;
				PRODUCT_BUNDLE_IDENTIFIER = com.danho.Studying;
				PRODUCT_NAME = "$(TARGET_NAME)";
				SWIFT_EMIT_LOC_STRINGS = YES;
				SWIFT_VERSION = 5.0;
			};
			name = Release;
		};
		FF00DBF5280DE58B0086681F /* Debug */ = {
			isa = XCBuildConfiguration;
			buildSettings = {
				ALWAYS_EMBED_SWIFT_STANDARD_LIBRARIES = YES;
				BUNDLE_LOADER = "$(TEST_HOST)";
				CODE_SIGN_STYLE = Automatic;
				CURRENT_PROJECT_VERSION = 1;
				DEVELOPMENT_TEAM = ZA2Q6PBC3H;
				GENERATE_INFOPLIST_FILE = YES;
				MACOSX_DEPLOYMENT_TARGET = 12.3;
				MARKETING_VERSION = 1.0;
				PRODUCT_BUNDLE_IDENTIFIER = com.danho.StudyingTests;
				PRODUCT_NAME = "$(TARGET_NAME)";
				SWIFT_EMIT_LOC_STRINGS = NO;
				SWIFT_VERSION = 5.0;
				TEST_HOST = "$(BUILT_PRODUCTS_DIR)/Studying.app/Contents/MacOS/Studying";
			};
			name = Debug;
		};
		FF00DBF6280DE58B0086681F /* Release */ = {
			isa = XCBuildConfiguration;
			buildSettings = {
				ALWAYS_EMBED_SWIFT_STANDARD_LIBRARIES = YES;
				BUNDLE_LOADER = "$(TEST_HOST)";
				CODE_SIGN_STYLE = Automatic;
				CURRENT_PROJECT_VERSION = 1;
				DEVELOPMENT_TEAM = ZA2Q6PBC3H;
				GENERATE_INFOPLIST_FILE = YES;
				MACOSX_DEPLOYMENT_TARGET = 12.3;
				MARKETING_VERSION = 1.0;
				PRODUCT_BUNDLE_IDENTIFIER = com.danho.StudyingTests;
				PRODUCT_NAME = "$(TARGET_NAME)";
				SWIFT_EMIT_LOC_STRINGS = NO;
				SWIFT_VERSION = 5.0;
				TEST_HOST = "$(BUILT_PRODUCTS_DIR)/Studying.app/Contents/MacOS/Studying";
			};
			name = Release;
		};
		FF00DBF8280DE58B0086681F /* Debug */ = {
			isa = XCBuildConfiguration;
			buildSettings = {
				ALWAYS_EMBED_SWIFT_STANDARD_LIBRARIES = YES;
				CODE_SIGN_STYLE = Automatic;
				CURRENT_PROJECT_VERSION = 1;
				DEVELOPMENT_TEAM = ZA2Q6PBC3H;
				GENERATE_INFOPLIST_FILE = YES;
				MARKETING_VERSION = 1.0;
				PRODUCT_BUNDLE_IDENTIFIER = com.danho.StudyingUITests;
				PRODUCT_NAME = "$(TARGET_NAME)";
				SWIFT_EMIT_LOC_STRINGS = NO;
				SWIFT_VERSION = 5.0;
				TEST_TARGET_NAME = Studying;
			};
			name = Debug;
		};
		FF00DBF9280DE58B0086681F /* Release */ = {
			isa = XCBuildConfiguration;
			buildSettings = {
				ALWAYS_EMBED_SWIFT_STANDARD_LIBRARIES = YES;
				CODE_SIGN_STYLE = Automatic;
				CURRENT_PROJECT_VERSION = 1;
				DEVELOPMENT_TEAM = ZA2Q6PBC3H;
				GENERATE_INFOPLIST_FILE = YES;
				MARKETING_VERSION = 1.0;
				PRODUCT_BUNDLE_IDENTIFIER = com.danho.StudyingUITests;
				PRODUCT_NAME = "$(TARGET_NAME)";
				SWIFT_EMIT_LOC_STRINGS = NO;
				SWIFT_VERSION = 5.0;
				TEST_TARGET_NAME = Studying;
			};
			name = Release;
		};
/* End XCBuildConfiguration section */

/* Begin XCConfigurationList section */
		FF00DBC7280DE58A0086681F /* Build configuration list for PBXProject "Studying" */ = {
			isa = XCConfigurationList;
			buildConfigurations = (
				FF00DBEF280DE58B0086681F /* Debug */,
				FF00DBF0280DE58B0086681F /* Release */,
			);
			defaultConfigurationIsVisible = 0;
			defaultConfigurationName = Release;
		};
		FF00DBF1280DE58B0086681F /* Build configuration list for PBXNativeTarget "Studying" */ = {
			isa = XCConfigurationList;
			buildConfigurations = (
				FF00DBF2280DE58B0086681F /* Debug */,
				FF00DBF3280DE58B0086681F /* Release */,
			);
			defaultConfigurationIsVisible = 0;
			defaultConfigurationName = Release;
		};
		FF00DBF4280DE58B0086681F /* Build configuration list for PBXNativeTarget "StudyingTests" */ = {
			isa = XCConfigurationList;
			buildConfigurations = (
				FF00DBF5280DE58B0086681F /* Debug */,
				FF00DBF6280DE58B0086681F /* Release */,
			);
			defaultConfigurationIsVisible = 0;
			defaultConfigurationName = Release;
		};
		FF00DBF7280DE58B0086681F /* Build configuration list for PBXNativeTarget "StudyingUITests" */ = {
			isa = XCConfigurationList;
			buildConfigurations = (
				FF00DBF8280DE58B0086681F /* Debug */,
				FF00DBF9280DE58B0086681F /* Release */,
			);
			defaultConfigurationIsVisible = 0;
			defaultConfigurationName = Release;
		};
/* End XCConfigurationList section */
	};
	rootObject = FF00DBC4280DE58A0086681F /* Project object */;
}
